
Microsoft Visual Studio Solution File, Format Version 12.00
# Visual Studio Version 16
VisualStudioVersion = 16.0.30503.244
MinimumVisualStudioVersion = 10.0.40219.1
Project("{F184B08F-C81C-45F6-A57F-5ABD9991F28F}") = "lectoclub", "lectoclub.vbproj", "{95A2D37F-BAEF-4B8D-BF76-C7CDA2356FA0}"
EndProject
Global
	GlobalSection(SolutionConfigurationPlatforms) = preSolution
		Debug|Any CPU = Debug|Any CPU
		Release|Any CPU = Release|Any CPU
	EndGlobalSection
	GlobalSection(ProjectConfigurationPlatforms) = postSolution
		{95A2D37F-BAEF-4B8D-BF76-C7CDA2356FA0}.Debug|Any CPU.ActiveCfg = Debug|Any CPU
		{95A2D37F-BAEF-4B8D-BF76-C7CDA2356FA0}.Debug|Any CPU.Build.0 = Debug|Any CPU
		{95A2D37F-BAEF-4B8D-BF76-C7CDA2356FA0}.Release|Any CPU.ActiveCfg = Release|Any CPU
		{95A2D37F-BAEF-4B8D-BF76-C7CDA2356FA0}.Release|Any CPU.Build.0 = Release|Any CPU
	EndGlobalSection
	GlobalSection(SolutionProperties) = preSolution
		HideSolutionNode = FALSE
	EndGlobalSection
	GlobalSection(ExtensibilityGlobals) = postSolution
		SolutionGuid = {2015BE77-FFD5-444E-A989-B9071AFCA047}
	EndGlobalSection
EndGlobal
